// !$*UTF8*$!
{
	archiveVersion = 1;
	classes = {
	};
	objectVersion = 56;
	objects = {

/* Begin PBXBuildFile section */
		534F465629F33404009CF877 /* EventItem.swift in Sources */ = {isa = PBXBuildFile; fileRef = 534F465529F33404009CF877 /* EventItem.swift */; };
		534F466929F3420E009CF877 /* EventSearcher.swift in Sources */ = {isa = PBXBuildFile; fileRef = 534F466829F3420E009CF877 /* EventSearcher.swift */; };
		534F466B29F38427009CF877 /* EventListRow.swift in Sources */ = {isa = PBXBuildFile; fileRef = 534F466A29F38427009CF877 /* EventListRow.swift */; };
		534F466F29F3B2F8009CF877 /* EventDetails.swift in Sources */ = {isa = PBXBuildFile; fileRef = 534F466E29F3B2F8009CF877 /* EventDetails.swift */; };
		534F467129F3B379009CF877 /* EventDetailsFetcher.swift in Sources */ = {isa = PBXBuildFile; fileRef = 534F467029F3B379009CF877 /* EventDetailsFetcher.swift */; };
		534F467429F3B5F6009CF877 /* EventDetailsView.swift in Sources */ = {isa = PBXBuildFile; fileRef = 534F467329F3B5F6009CF877 /* EventDetailsView.swift */; };
		534F467629F3B60B009CF877 /* EventTabView.swift in Sources */ = {isa = PBXBuildFile; fileRef = 534F467529F3B60B009CF877 /* EventTabView.swift */; };
		534F467829F3E1D5009CF877 /* ArtistsTabView.swift in Sources */ = {isa = PBXBuildFile; fileRef = 534F467729F3E1D5009CF877 /* ArtistsTabView.swift */; };
		534F467A29F3E234009CF877 /* ArtistDetails.swift in Sources */ = {isa = PBXBuildFile; fileRef = 534F467929F3E234009CF877 /* ArtistDetails.swift */; };
		534F467D29F3E2FB009CF877 /* ArtistCard.swift in Sources */ = {isa = PBXBuildFile; fileRef = 534F467C29F3E2FB009CF877 /* ArtistCard.swift */; };
		534F468129F4B0F5009CF877 /* ArtistDetailsFetcher.swift in Sources */ = {isa = PBXBuildFile; fileRef = 534F468029F4B0F5009CF877 /* ArtistDetailsFetcher.swift */; };
		534F468329F4C50F009CF877 /* VenueTabView.swift in Sources */ = {isa = PBXBuildFile; fileRef = 534F468229F4C50F009CF877 /* VenueTabView.swift */; };
		534F468529F4C54E009CF877 /* VenueDetails.swift in Sources */ = {isa = PBXBuildFile; fileRef = 534F468429F4C54E009CF877 /* VenueDetails.swift */; };
		534F468729F4DA33009CF877 /* VenueDetailsFetcher.swift in Sources */ = {isa = PBXBuildFile; fileRef = 534F468629F4DA33009CF877 /* VenueDetailsFetcher.swift */; };
		534F468929F4E9A2009CF877 /* MapView.swift in Sources */ = {isa = PBXBuildFile; fileRef = 534F468829F4E9A2009CF877 /* MapView.swift */; };
		534F468C29F4F76C009CF877 /* FavoritePageView.swift in Sources */ = {isa = PBXBuildFile; fileRef = 534F468B29F4F76C009CF877 /* FavoritePageView.swift */; };
		534F468E29F4F859009CF877 /* FavoriteItem.swift in Sources */ = {isa = PBXBuildFile; fileRef = 534F468D29F4F859009CF877 /* FavoriteItem.swift */; };
		534F469129F4FBF6009CF877 /* SimpleToast in Frameworks */ = {isa = PBXBuildFile; productRef = 534F469029F4FBF6009CF877 /* SimpleToast */; };
		53CCCEC829DD433E0076425B /* SearchPageView.swift in Sources */ = {isa = PBXBuildFile; fileRef = 53CCCEC729DD433E0076425B /* SearchPageView.swift */; };
		53CCCECD29DD4F430076425B /* SearchFormValues.swift in Sources */ = {isa = PBXBuildFile; fileRef = 53CCCECC29DD4F430076425B /* SearchFormValues.swift */; };
		53CCCED029DD56140076425B /* SuggestionsFetcher.swift in Sources */ = {isa = PBXBuildFile; fileRef = 53CCCECF29DD56140076425B /* SuggestionsFetcher.swift */; };
		53E3C44729DB9AAD00DD54E6 /* EventSearchApp.swift in Sources */ = {isa = PBXBuildFile; fileRef = 53E3C44629DB9AAD00DD54E6 /* EventSearchApp.swift */; };
		53E3C44929DB9AAD00DD54E6 /* ContentView.swift in Sources */ = {isa = PBXBuildFile; fileRef = 53E3C44829DB9AAD00DD54E6 /* ContentView.swift */; };
		53E3C44B29DB9AAD00DD54E6 /* Assets.xcassets in Resources */ = {isa = PBXBuildFile; fileRef = 53E3C44A29DB9AAD00DD54E6 /* Assets.xcassets */; };
		53E3C44E29DB9AAD00DD54E6 /* Preview Assets.xcassets in Resources */ = {isa = PBXBuildFile; fileRef = 53E3C44D29DB9AAD00DD54E6 /* Preview Assets.xcassets */; };
/* End PBXBuildFile section */

/* Begin PBXFileReference section */
		534F465529F33404009CF877 /* EventItem.swift */ = {isa = PBXFileReference; lastKnownFileType = sourcecode.swift; path = EventItem.swift; sourceTree = "<group>"; };
		534F466829F3420E009CF877 /* EventSearcher.swift */ = {isa = PBXFileReference; lastKnownFileType = sourcecode.swift; path = EventSearcher.swift; sourceTree = "<group>"; };
		534F466A29F38427009CF877 /* EventListRow.swift */ = {isa = PBXFileReference; lastKnownFileType = sourcecode.swift; path = EventListRow.swift; sourceTree = "<group>"; };
		534F466E29F3B2F8009CF877 /* EventDetails.swift */ = {isa = PBXFileReference; lastKnownFileType = sourcecode.swift; path = EventDetails.swift; sourceTree = "<group>"; };
		534F467029F3B379009CF877 /* EventDetailsFetcher.swift */ = {isa = PBXFileReference; lastKnownFileType = sourcecode.swift; path = EventDetailsFetcher.swift; sourceTree = "<group>"; };
		534F467329F3B5F6009CF877 /* EventDetailsView.swift */ = {isa = PBXFileReference; lastKnownFileType = sourcecode.swift; path = EventDetailsView.swift; sourceTree = "<group>"; };
		534F467529F3B60B009CF877 /* EventTabView.swift */ = {isa = PBXFileReference; lastKnownFileType = sourcecode.swift; path = EventTabView.swift; sourceTree = "<group>"; };
		534F467729F3E1D5009CF877 /* ArtistsTabView.swift */ = {isa = PBXFileReference; lastKnownFileType = sourcecode.swift; path = ArtistsTabView.swift; sourceTree = "<group>"; };
		534F467929F3E234009CF877 /* ArtistDetails.swift */ = {isa = PBXFileReference; lastKnownFileType = sourcecode.swift; path = ArtistDetails.swift; sourceTree = "<group>"; };
		534F467C29F3E2FB009CF877 /* ArtistCard.swift */ = {isa = PBXFileReference; lastKnownFileType = sourcecode.swift; path = ArtistCard.swift; sourceTree = "<group>"; };
		534F468029F4B0F5009CF877 /* ArtistDetailsFetcher.swift */ = {isa = PBXFileReference; lastKnownFileType = sourcecode.swift; path = ArtistDetailsFetcher.swift; sourceTree = "<group>"; };
		534F468229F4C50F009CF877 /* VenueTabView.swift */ = {isa = PBXFileReference; lastKnownFileType = sourcecode.swift; path = VenueTabView.swift; sourceTree = "<group>"; };
		534F468429F4C54E009CF877 /* VenueDetails.swift */ = {isa = PBXFileReference; lastKnownFileType = sourcecode.swift; path = VenueDetails.swift; sourceTree = "<group>"; };
		534F468629F4DA33009CF877 /* VenueDetailsFetcher.swift */ = {isa = PBXFileReference; lastKnownFileType = sourcecode.swift; path = VenueDetailsFetcher.swift; sourceTree = "<group>"; };
		534F468829F4E9A2009CF877 /* MapView.swift */ = {isa = PBXFileReference; lastKnownFileType = sourcecode.swift; path = MapView.swift; sourceTree = "<group>"; };
		534F468B29F4F76C009CF877 /* FavoritePageView.swift */ = {isa = PBXFileReference; lastKnownFileType = sourcecode.swift; path = FavoritePageView.swift; sourceTree = "<group>"; };
		534F468D29F4F859009CF877 /* FavoriteItem.swift */ = {isa = PBXFileReference; lastKnownFileType = sourcecode.swift; path = FavoriteItem.swift; sourceTree = "<group>"; };
		534F469229F50BED009CF877 /* Info.plist */ = {isa = PBXFileReference; lastKnownFileType = text.plist; path = Info.plist; sourceTree = "<group>"; };
		53CCCEC729DD433E0076425B /* SearchPageView.swift */ = {isa = PBXFileReference; lastKnownFileType = sourcecode.swift; path = SearchPageView.swift; sourceTree = "<group>"; };
		53CCCECC29DD4F430076425B /* SearchFormValues.swift */ = {isa = PBXFileReference; lastKnownFileType = sourcecode.swift; path = SearchFormValues.swift; sourceTree = "<group>"; };
		53CCCECF29DD56140076425B /* SuggestionsFetcher.swift */ = {isa = PBXFileReference; lastKnownFileType = sourcecode.swift; path = SuggestionsFetcher.swift; sourceTree = "<group>"; };
		53E3C44329DB9AAD00DD54E6 /* EventSearch.app */ = {isa = PBXFileReference; explicitFileType = wrapper.application; includeInIndex = 0; path = EventSearch.app; sourceTree = BUILT_PRODUCTS_DIR; };
		53E3C44629DB9AAD00DD54E6 /* EventSearchApp.swift */ = {isa = PBXFileReference; lastKnownFileType = sourcecode.swift; path = EventSearchApp.swift; sourceTree = "<group>"; };
		53E3C44829DB9AAD00DD54E6 /* ContentView.swift */ = {isa = PBXFileReference; lastKnownFileType = sourcecode.swift; path = ContentView.swift; sourceTree = "<group>"; };
		53E3C44A29DB9AAD00DD54E6 /* Assets.xcassets */ = {isa = PBXFileReference; lastKnownFileType = folder.assetcatalog; path = Assets.xcassets; sourceTree = "<group>"; };
		53E3C44D29DB9AAD00DD54E6 /* Preview Assets.xcassets */ = {isa = PBXFileReference; lastKnownFileType = folder.assetcatalog; path = "Preview Assets.xcassets"; sourceTree = "<group>"; };
/* End PBXFileReference section */

/* Begin PBXFrameworksBuildPhase section */
		53E3C44029DB9AAD00DD54E6 /* Frameworks */ = {
			isa = PBXFrameworksBuildPhase;
			buildActionMask = 2147483647;
			files = (
				534F469129F4FBF6009CF877 /* SimpleToast in Frameworks */,
			);
			runOnlyForDeploymentPostprocessing = 0;
		};
/* End PBXFrameworksBuildPhase section */

/* Begin PBXGroup section */
		534F467229F3B5CC009CF877 /* DetailTabs */ = {
			isa = PBXGroup;
			children = (
				534F467329F3B5F6009CF877 /* EventDetailsView.swift */,
				534F467529F3B60B009CF877 /* EventTabView.swift */,
				534F467729F3E1D5009CF877 /* ArtistsTabView.swift */,
				534F467C29F3E2FB009CF877 /* ArtistCard.swift */,
				534F468229F4C50F009CF877 /* VenueTabView.swift */,
				534F468829F4E9A2009CF877 /* MapView.swift */,
			);
			path = DetailTabs;
			sourceTree = "<group>";
		};
		534F467B29F3E277009CF877 /* SearchPage */ = {
			isa = PBXGroup;
			children = (
				53CCCEC729DD433E0076425B /* SearchPageView.swift */,
				534F466A29F38427009CF877 /* EventListRow.swift */,
			);
			path = SearchPage;
			sourceTree = "<group>";
		};
		534F468A29F4F6A9009CF877 /* FavoritePage */ = {
			isa = PBXGroup;
			children = (
				534F468B29F4F76C009CF877 /* FavoritePageView.swift */,
			);
			path = FavoritePage;
			sourceTree = "<group>";
		};
		53CCCECB29DD4F1F0076425B /* Models */ = {
			isa = PBXGroup;
			children = (
				53CCCECC29DD4F430076425B /* SearchFormValues.swift */,
				534F465529F33404009CF877 /* EventItem.swift */,
				534F466E29F3B2F8009CF877 /* EventDetails.swift */,
				534F467929F3E234009CF877 /* ArtistDetails.swift */,
				534F468429F4C54E009CF877 /* VenueDetails.swift */,
				534F468D29F4F859009CF877 /* FavoriteItem.swift */,
			);
			path = Models;
			sourceTree = "<group>";
		};
		53CCCECE29DD53070076425B /* Services */ = {
			isa = PBXGroup;
			children = (
				53CCCECF29DD56140076425B /* SuggestionsFetcher.swift */,
				534F466829F3420E009CF877 /* EventSearcher.swift */,
				534F467029F3B379009CF877 /* EventDetailsFetcher.swift */,
				534F468029F4B0F5009CF877 /* ArtistDetailsFetcher.swift */,
				534F468629F4DA33009CF877 /* VenueDetailsFetcher.swift */,
			);
			path = Services;
			sourceTree = "<group>";
		};
		53E3C43A29DB9AAD00DD54E6 = {
			isa = PBXGroup;
			children = (
				53E3C44529DB9AAD00DD54E6 /* EventSearch */,
				53E3C44429DB9AAD00DD54E6 /* Products */,
			);
			sourceTree = "<group>";
		};
		53E3C44429DB9AAD00DD54E6 /* Products */ = {
			isa = PBXGroup;
			children = (
				53E3C44329DB9AAD00DD54E6 /* EventSearch.app */,
			);
			name = Products;
			sourceTree = "<group>";
		};
		53E3C44529DB9AAD00DD54E6 /* EventSearch */ = {
			isa = PBXGroup;
			children = (
				534F469229F50BED009CF877 /* Info.plist */,
				53CCCECE29DD53070076425B /* Services */,
				53CCCECB29DD4F1F0076425B /* Models */,
				53E9CA8929DD413C0031963D /* Views */,
				53E3C44629DB9AAD00DD54E6 /* EventSearchApp.swift */,
				53E3C44A29DB9AAD00DD54E6 /* Assets.xcassets */,
				53E3C44C29DB9AAD00DD54E6 /* Preview Content */,
			);
			path = EventSearch;
			sourceTree = "<group>";
		};
		53E3C44C29DB9AAD00DD54E6 /* Preview Content */ = {
			isa = PBXGroup;
			children = (
				53E3C44D29DB9AAD00DD54E6 /* Preview Assets.xcassets */,
			);
			path = "Preview Content";
			sourceTree = "<group>";
		};
		53E9CA8929DD413C0031963D /* Views */ = {
			isa = PBXGroup;
			children = (
				534F468A29F4F6A9009CF877 /* FavoritePage */,
				534F467B29F3E277009CF877 /* SearchPage */,
				534F467229F3B5CC009CF877 /* DetailTabs */,
				53E3C44829DB9AAD00DD54E6 /* ContentView.swift */,
			);
			path = Views;
			sourceTree = "<group>";
		};
/* End PBXGroup section */

/* Begin PBXNativeTarget section */
		53E3C44229DB9AAD00DD54E6 /* EventSearch */ = {
			isa = PBXNativeTarget;
			buildConfigurationList = 53E3C45129DB9AAD00DD54E6 /* Build configuration list for PBXNativeTarget "EventSearch" */;
			buildPhases = (
				53E3C43F29DB9AAD00DD54E6 /* Sources */,
				53E3C44029DB9AAD00DD54E6 /* Frameworks */,
				53E3C44129DB9AAD00DD54E6 /* Resources */,
			);
			buildRules = (
			);
			dependencies = (
			);
			name = EventSearch;
			packageProductDependencies = (
				534F469029F4FBF6009CF877 /* SimpleToast */,
			);
			productName = EventSearch;
			productReference = 53E3C44329DB9AAD00DD54E6 /* EventSearch.app */;
			productType = "com.apple.product-type.application";
		};
/* End PBXNativeTarget section */

/* Begin PBXProject section */
		53E3C43B29DB9AAD00DD54E6 /* Project object */ = {
			isa = PBXProject;
			attributes = {
				BuildIndependentTargetsInParallel = 1;
				LastSwiftUpdateCheck = 1430;
				LastUpgradeCheck = 1430;
				TargetAttributes = {
					53E3C44229DB9AAD00DD54E6 = {
						CreatedOnToolsVersion = 14.3;
					};
				};
			};
			buildConfigurationList = 53E3C43E29DB9AAD00DD54E6 /* Build configuration list for PBXProject "EventSearch" */;
			compatibilityVersion = "Xcode 14.0";
			developmentRegion = en;
			hasScannedForEncodings = 0;
			knownRegions = (
				en,
				Base,
			);
			mainGroup = 53E3C43A29DB9AAD00DD54E6;
			packageReferences = (
				534F468F29F4FBF6009CF877 /* XCRemoteSwiftPackageReference "SimpleToast" */,
			);
			productRefGroup = 53E3C44429DB9AAD00DD54E6 /* Products */;
			projectDirPath = "";
			projectRoot = "";
			targets = (
				53E3C44229DB9AAD00DD54E6 /* EventSearch */,
			);
		};
/* End PBXProject section */

/* Begin PBXResourcesBuildPhase section */
		53E3C44129DB9AAD00DD54E6 /* Resources */ = {
			isa = PBXResourcesBuildPhase;
			buildActionMask = 2147483647;
			files = (
				53E3C44E29DB9AAD00DD54E6 /* Preview Assets.xcassets in Resources */,
				53E3C44B29DB9AAD00DD54E6 /* Assets.xcassets in Resources */,
			);
			runOnlyForDeploymentPostprocessing = 0;
		};
/* End PBXResourcesBuildPhase section */

/* Begin PBXSourcesBuildPhase section */
		53E3C43F29DB9AAD00DD54E6 /* Sources */ = {
			isa = PBXSourcesBuildPhase;
			buildActionMask = 2147483647;
			files = (
				534F468C29F4F76C009CF877 /* FavoritePageView.swift in Sources */,
				53E3C44929DB9AAD00DD54E6 /* ContentView.swift in Sources */,
				534F467129F3B379009CF877 /* EventDetailsFetcher.swift in Sources */,
				534F467629F3B60B009CF877 /* EventTabView.swift in Sources */,
				534F468E29F4F859009CF877 /* FavoriteItem.swift in Sources */,
				534F468329F4C50F009CF877 /* VenueTabView.swift in Sources */,
				534F468529F4C54E009CF877 /* VenueDetails.swift in Sources */,
				534F468129F4B0F5009CF877 /* ArtistDetailsFetcher.swift in Sources */,
				534F466F29F3B2F8009CF877 /* EventDetails.swift in Sources */,
				534F467D29F3E2FB009CF877 /* ArtistCard.swift in Sources */,
				53E3C44729DB9AAD00DD54E6 /* EventSearchApp.swift in Sources */,
				534F468729F4DA33009CF877 /* VenueDetailsFetcher.swift in Sources */,
				534F467A29F3E234009CF877 /* ArtistDetails.swift in Sources */,
				53CCCEC829DD433E0076425B /* SearchPageView.swift in Sources */,
				534F467829F3E1D5009CF877 /* ArtistsTabView.swift in Sources */,
				534F466B29F38427009CF877 /* EventListRow.swift in Sources */,
				53CCCECD29DD4F430076425B /* SearchFormValues.swift in Sources */,
				53CCCED029DD56140076425B /* SuggestionsFetcher.swift in Sources */,
				534F466929F3420E009CF877 /* EventSearcher.swift in Sources */,
				534F468929F4E9A2009CF877 /* MapView.swift in Sources */,
				534F467429F3B5F6009CF877 /* EventDetailsView.swift in Sources */,
				534F465629F33404009CF877 /* EventItem.swift in Sources */,
			);
			runOnlyForDeploymentPostprocessing = 0;
		};
/* End PBXSourcesBuildPhase section */

/* Begin XCBuildConfiguration section */
		53E3C44F29DB9AAD00DD54E6 /* Debug */ = {
			isa = XCBuildConfiguration;
			buildSettings = {
				ALWAYS_SEARCH_USER_PATHS = NO;
				CLANG_ANALYZER_NONNULL = YES;
				CLANG_ANALYZER_NUMBER_OBJECT_CONVERSION = YES_AGGRESSIVE;
				CLANG_CXX_LANGUAGE_STANDARD = "gnu++20";
				CLANG_ENABLE_MODULES = YES;
				CLANG_ENABLE_OBJC_ARC = YES;
				CLANG_ENABLE_OBJC_WEAK = YES;
				CLANG_WARN_BLOCK_CAPTURE_AUTORELEASING = YES;
				CLANG_WARN_BOOL_CONVERSION = YES;
				CLANG_WARN_COMMA = YES;
				CLANG_WARN_CONSTANT_CONVERSION = YES;
				CLANG_WARN_DEPRECATED_OBJC_IMPLEMENTATIONS = YES;
				CLANG_WARN_DIRECT_OBJC_ISA_USAGE = YES_ERROR;
				CLANG_WARN_DOCUMENTATION_COMMENTS = YES;
				CLANG_WARN_EMPTY_BODY = YES;
				CLANG_WARN_ENUM_CONVERSION = YES;
				CLANG_WARN_INFINITE_RECURSION = YES;
				CLANG_WARN_INT_CONVERSION = YES;
				CLANG_WARN_NON_LITERAL_NULL_CONVERSION = YES;
				CLANG_WARN_OBJC_IMPLICIT_RETAIN_SELF = YES;
				CLANG_WARN_OBJC_LITERAL_CONVERSION = YES;
				CLANG_WARN_OBJC_ROOT_CLASS = YES_ERROR;
				CLANG_WARN_QUOTED_INCLUDE_IN_FRAMEWORK_HEADER = YES;
				CLANG_WARN_RANGE_LOOP_ANALYSIS = YES;
				CLANG_WARN_STRICT_PROTOTYPES = YES;
				CLANG_WARN_SUSPICIOUS_MOVE = YES;
				CLANG_WARN_UNGUARDED_AVAILABILITY = YES_AGGRESSIVE;
				CLANG_WARN_UNREACHABLE_CODE = YES;
				CLANG_WARN__DUPLICATE_METHOD_MATCH = YES;
				COPY_PHASE_STRIP = NO;
				DEBUG_INFORMATION_FORMAT = dwarf;
				ENABLE_STRICT_OBJC_MSGSEND = YES;
				ENABLE_TESTABILITY = YES;
				GCC_C_LANGUAGE_STANDARD = gnu11;
				GCC_DYNAMIC_NO_PIC = NO;
				GCC_NO_COMMON_BLOCKS = YES;
				GCC_OPTIMIZATION_LEVEL = 0;
				GCC_PREPROCESSOR_DEFINITIONS = (
					"DEBUG=1",
					"$(inherited)",
				);
				GCC_WARN_64_TO_32_BIT_CONVERSION = YES;
				GCC_WARN_ABOUT_RETURN_TYPE = YES_ERROR;
				GCC_WARN_UNDECLARED_SELECTOR = YES;
				GCC_WARN_UNINITIALIZED_AUTOS = YES_AGGRESSIVE;
				GCC_WARN_UNUSED_FUNCTION = YES;
				GCC_WARN_UNUSED_VARIABLE = YES;
				IPHONEOS_DEPLOYMENT_TARGET = 16.4;
				MTL_ENABLE_DEBUG_INFO = INCLUDE_SOURCE;
				MTL_FAST_MATH = YES;
				ONLY_ACTIVE_ARCH = YES;
				SDKROOT = iphoneos;
				SWIFT_ACTIVE_COMPILATION_CONDITIONS = DEBUG;
				SWIFT_OPTIMIZATION_LEVEL = "-Onone";
			};
			name = Debug;
		};
		53E3C45029DB9AAD00DD54E6 /* Release */ = {
			isa = XCBuildConfiguration;
			buildSettings = {
				ALWAYS_SEARCH_USER_PATHS = NO;
				CLANG_ANALYZER_NONNULL = YES;
				CLANG_ANALYZER_NUMBER_OBJECT_CONVERSION = YES_AGGRESSIVE;
				CLANG_CXX_LANGUAGE_STANDARD = "gnu++20";
				CLANG_ENABLE_MODULES = YES;
				CLANG_ENABLE_OBJC_ARC = YES;
				CLANG_ENABLE_OBJC_WEAK = YES;
				CLANG_WARN_BLOCK_CAPTURE_AUTORELEASING = YES;
				CLANG_WARN_BOOL_CONVERSION = YES;
				CLANG_WARN_COMMA = YES;
				CLANG_WARN_CONSTANT_CONVERSION = YES;
				CLANG_WARN_DEPRECATED_OBJC_IMPLEMENTATIONS = YES;
				CLANG_WARN_DIRECT_OBJC_ISA_USAGE = YES_ERROR;
				CLANG_WARN_DOCUMENTATION_COMMENTS = YES;
				CLANG_WARN_EMPTY_BODY = YES;
				CLANG_WARN_ENUM_CONVERSION = YES;
				CLANG_WARN_INFINITE_RECURSION = YES;
				CLANG_WARN_INT_CONVERSION = YES;
				CLANG_WARN_NON_LITERAL_NULL_CONVERSION = YES;
				CLANG_WARN_OBJC_IMPLICIT_RETAIN_SELF = YES;
				CLANG_WARN_OBJC_LITERAL_CONVERSION = YES;
				CLANG_WARN_OBJC_ROOT_CLASS = YES_ERROR;
				CLANG_WARN_QUOTED_INCLUDE_IN_FRAMEWORK_HEADER = YES;
				CLANG_WARN_RANGE_LOOP_ANALYSIS = YES;
				CLANG_WARN_STRICT_PROTOTYPES = YES;
				CLANG_WARN_SUSPICIOUS_MOVE = YES;
				CLANG_WARN_UNGUARDED_AVAILABILITY = YES_AGGRESSIVE;
				CLANG_WARN_UNREACHABLE_CODE = YES;
				CLANG_WARN__DUPLICATE_METHOD_MATCH = YES;
				COPY_PHASE_STRIP = NO;
				DEBUG_INFORMATION_FORMAT = "dwarf-with-dsym";
				ENABLE_NS_ASSERTIONS = NO;
				ENABLE_STRICT_OBJC_MSGSEND = YES;
				GCC_C_LANGUAGE_STANDARD = gnu11;
				GCC_NO_COMMON_BLOCKS = YES;
				GCC_WARN_64_TO_32_BIT_CONVERSION = YES;
				GCC_WARN_ABOUT_RETURN_TYPE = YES_ERROR;
				GCC_WARN_UNDECLARED_SELECTOR = YES;
				GCC_WARN_UNINITIALIZED_AUTOS = YES_AGGRESSIVE;
				GCC_WARN_UNUSED_FUNCTION = YES;
				GCC_WARN_UNUSED_VARIABLE = YES;
				IPHONEOS_DEPLOYMENT_TARGET = 16.4;
				MTL_ENABLE_DEBUG_INFO = NO;
				MTL_FAST_MATH = YES;
				SDKROOT = iphoneos;
				SWIFT_COMPILATION_MODE = wholemodule;
				SWIFT_OPTIMIZATION_LEVEL = "-O";
				VALIDATE_PRODUCT = YES;
			};
			name = Release;
		};
		53E3C45229DB9AAD00DD54E6 /* Debug */ = {
			isa = XCBuildConfiguration;
			buildSettings = {
				ASSETCATALOG_COMPILER_APPICON_NAME = AppIcon;
				ASSETCATALOG_COMPILER_GLOBAL_ACCENT_COLOR_NAME = AccentColor;
				ASSETCATALOG_COMPILER_INCLUDE_ALL_APPICON_ASSETS = NO;
				CODE_SIGN_STYLE = Automatic;
				CURRENT_PROJECT_VERSION = 1;
				DEVELOPMENT_ASSET_PATHS = "\"EventSearch/Preview Content\"";
				DEVELOPMENT_TEAM = UWF6HNYB32;
				ENABLE_PREVIEWS = YES;
				GENERATE_INFOPLIST_FILE = YES;
				INFOPLIST_FILE = EventSearch/Info.plist;
				INFOPLIST_KEY_UIApplicationSceneManifest_Generation = YES;
				INFOPLIST_KEY_UIApplicationSupportsIndirectInputEvents = YES;
				INFOPLIST_KEY_UISupportedInterfaceOrientations_iPad = "UIInterfaceOrientationPortrait UIInterfaceOrientationPortraitUpsideDown UIInterfaceOrientationLandscapeLeft UIInterfaceOrientationLandscapeRight";
				INFOPLIST_KEY_UISupportedInterfaceOrientations_iPhone = "UIInterfaceOrientationPortrait UIInterfaceOrientationLandscapeLeft UIInterfaceOrientationLandscapeRight";
				LD_RUNPATH_SEARCH_PATHS = (
					"$(inherited)",
					"@executable_path/Frameworks",
				);
				MARKETING_VERSION = 1.0;
				PRODUCT_BUNDLE_IDENTIFIER = yundingw.EventSearch;
				PRODUCT_NAME = "$(TARGET_NAME)";
				SWIFT_EMIT_LOC_STRINGS = YES;
				SWIFT_VERSION = 5.0;
				TARGETED_DEVICE_FAMILY = "1,2";
			};
			name = Debug;
		};
		53E3C45329DB9AAD00DD54E6 /* Release */ = {
			isa = XCBuildConfiguration;
			buildSettings = {
				ASSETCATALOG_COMPILER_APPICON_NAME = AppIcon;
				ASSETCATALOG_COMPILER_GLOBAL_ACCENT_COLOR_NAME = AccentColor;
				ASSETCATALOG_COMPILER_INCLUDE_ALL_APPICON_ASSETS = NO;
				CODE_SIGN_STYLE = Automatic;
				CURRENT_PROJECT_VERSION = 1;
				DEVELOPMENT_ASSET_PATHS = "\"EventSearch/Preview Content\"";
				DEVELOPMENT_TEAM = UWF6HNYB32;
				ENABLE_PREVIEWS = YES;
				GENERATE_INFOPLIST_FILE = YES;
				INFOPLIST_FILE = EventSearch/Info.plist;
				INFOPLIST_KEY_UIApplicationSceneManifest_Generation = YES;
				INFOPLIST_KEY_UIApplicationSupportsIndirectInputEvents = YES;
				INFOPLIST_KEY_UISupportedInterfaceOrientations_iPad = "UIInterfaceOrientationPortrait UIInterfaceOrientationPortraitUpsideDown UIInterfaceOrientationLandscapeLeft UIInterfaceOrientationLandscapeRight";
				INFOPLIST_KEY_UISupportedInterfaceOrientations_iPhone = "UIInterfaceOrientationPortrait UIInterfaceOrientationLandscapeLeft UIInterfaceOrientationLandscapeRight";
				LD_RUNPATH_SEARCH_PATHS = (
					"$(inherited)",
					"@executable_path/Frameworks",
				);
				MARKETING_VERSION = 1.0;
				PRODUCT_BUNDLE_IDENTIFIER = yundingw.EventSearch;
				PRODUCT_NAME = "$(TARGET_NAME)";
				SWIFT_EMIT_LOC_STRINGS = YES;
				SWIFT_VERSION = 5.0;
				TARGETED_DEVICE_FAMILY = "1,2";
			};
			name = Release;
		};
/* End XCBuildConfiguration section */

/* Begin XCConfigurationList section */
		53E3C43E29DB9AAD00DD54E6 /* Build configuration list for PBXProject "EventSearch" */ = {
			isa = XCConfigurationList;
			buildConfigurations = (
				53E3C44F29DB9AAD00DD54E6 /* Debug */,
				53E3C45029DB9AAD00DD54E6 /* Release */,
			);
			defaultConfigurationIsVisible = 0;
			defaultConfigurationName = Release;
		};
		53E3C45129DB9AAD00DD54E6 /* Build configuration list for PBXNativeTarget "EventSearch" */ = {
			isa = XCConfigurationList;
			buildConfigurations = (
				53E3C45229DB9AAD00DD54E6 /* Debug */,
				53E3C45329DB9AAD00DD54E6 /* Release */,
			);
			defaultConfigurationIsVisible = 0;
			defaultConfigurationName = Release;
		};
/* End XCConfigurationList section */

/* Begin XCRemoteSwiftPackageReference section */
		534F468F29F4FBF6009CF877 /* XCRemoteSwiftPackageReference "SimpleToast" */ = {
			isa = XCRemoteSwiftPackageReference;
			repositoryURL = "https://github.com/sanzaru/SimpleToast.git";
			requirement = {
				kind = upToNextMajorVersion;
				minimumVersion = 0.7.1;
			};
		};
/* End XCRemoteSwiftPackageReference section */

/* Begin XCSwiftPackageProductDependency section */
		534F469029F4FBF6009CF877 /* SimpleToast */ = {
			isa = XCSwiftPackageProductDependency;
			package = 534F468F29F4FBF6009CF877 /* XCRemoteSwiftPackageReference "SimpleToast" */;
			productName = SimpleToast;
		};
/* End XCSwiftPackageProductDependency section */
	};
	rootObject = 53E3C43B29DB9AAD00DD54E6 /* Project object */;
}
